
Microsoft Visual Studio Solution File, Format Version 12.00
# Visual Studio 15
VisualStudioVersion = 15.0.28307.852
MinimumVisualStudioVersion = 10.0.40219.1
Project("{9A19103F-16F7-4668-BE54-9A1E7A4F7556}") = "SnakeNet", "Snake\SnakeNet.csproj", "{C6A4C548-BC87-4F5C-B19B-F39720057F58}"
EndProject
Project("{9A19103F-16F7-4668-BE54-9A1E7A4F7556}") = "SnakeNetTests", "SnakeNetTests\SnakeNetTests.csproj", "{3FA6C47C-6D54-4EDC-B501-7E7104F217E3}"
EndProject
Project("{9A19103F-16F7-4668-BE54-9A1E7A4F7556}") = "Gamecmder", "Gamecmder\Gamecmder\Gamecmder.csproj", "{34E65BF6-C9B9-4A98-BEFB-EEE40F6676F9}"
EndProject
Project("{9A19103F-16F7-4668-BE54-9A1E7A4F7556}") = "Gamecmder.Tests", "Gamecmder\Gamecmder.Tests\Gamecmder.Tests.csproj", "{8222DFDC-D0A7-4FCF-BC86-FA3D608D0539}"
EndProject
Global
	GlobalSection(SolutionConfigurationPlatforms) = preSolution
		Debug|Any CPU = Debug|Any CPU
		Release|Any CPU = Release|Any CPU
	EndGlobalSection
	GlobalSection(ProjectConfigurationPlatforms) = postSolution
		{C6A4C548-BC87-4F5C-B19B-F39720057F58}.Debug|Any CPU.ActiveCfg = Debug|Any CPU
		{C6A4C548-BC87-4F5C-B19B-F39720057F58}.Debug|Any CPU.Build.0 = Debug|Any CPU
		{C6A4C548-BC87-4F5C-B19B-F39720057F58}.Release|Any CPU.ActiveCfg = Release|Any CPU
		{C6A4C548-BC87-4F5C-B19B-F39720057F58}.Release|Any CPU.Build.0 = Release|Any CPU
		{3FA6C47C-6D54-4EDC-B501-7E7104F217E3}.Debug|Any CPU.ActiveCfg = Debug|Any CPU
		{3FA6C47C-6D54-4EDC-B501-7E7104F217E3}.Debug|Any CPU.Build.0 = Debug|Any CPU
		{3FA6C47C-6D54-4EDC-B501-7E7104F217E3}.Release|Any CPU.ActiveCfg = Release|Any CPU
		{3FA6C47C-6D54-4EDC-B501-7E7104F217E3}.Release|Any CPU.Build.0 = Release|Any CPU
		{34E65BF6-C9B9-4A98-BEFB-EEE40F6676F9}.Debug|Any CPU.ActiveCfg = Debug|Any CPU
		{34E65BF6-C9B9-4A98-BEFB-EEE40F6676F9}.Debug|Any CPU.Build.0 = Debug|Any CPU
		{34E65BF6-C9B9-4A98-BEFB-EEE40F6676F9}.Release|Any CPU.ActiveCfg = Release|Any CPU
		{34E65BF6-C9B9-4A98-BEFB-EEE40F6676F9}.Release|Any CPU.Build.0 = Release|Any CPU
		{8222DFDC-D0A7-4FCF-BC86-FA3D608D0539}.Debug|Any CPU.ActiveCfg = Debug|Any CPU
		{8222DFDC-D0A7-4FCF-BC86-FA3D608D0539}.Debug|Any CPU.Build.0 = Debug|Any CPU
		{8222DFDC-D0A7-4FCF-BC86-FA3D608D0539}.Release|Any CPU.ActiveCfg = Release|Any CPU
		{8222DFDC-D0A7-4FCF-BC86-FA3D608D0539}.Release|Any CPU.Build.0 = Release|Any CPU
	EndGlobalSection
	GlobalSection(SolutionProperties) = preSolution
		HideSolutionNode = FALSE
	EndGlobalSection
	GlobalSection(ExtensibilityGlobals) = postSolution
		SolutionGuid = {60BC714C-E2FE-474A-AA93-8A9A0EE648F2}
	EndGlobalSection
EndGlobal
